
Microsoft Visual Studio Solution File, Format Version 12.00
# Visual Studio Version 16
VisualStudioVersion = 16.0.29209.62
MinimumVisualStudioVersion = 10.0.40219.1
Project("{9A19103F-16F7-4668-BE54-9A1E7A4F7556}") = "MovieRatingLibrary", "MovieRatingLibrary\MovieRatingLibrary.csproj", "{258196E7-4AA5-4362-AC15-577E46039A37}"
EndProject
Project("{9A19103F-16F7-4668-BE54-9A1E7A4F7556}") = "MovieReview_Tests", "MovieReview_Tests\MovieReview_Tests.csproj", "{BF192CAC-9D6D-49EF-AAA1-033C358DF576}"
EndProject
Project("{FAE04EC0-301F-11D3-BF4B-00C04F79EFBC}") = "ConsoleMovieReview", "ConsoleMovieReview\ConsoleMovieReview.csproj", "{AAE29247-FBCC-4BAC-8161-D6AEA19B9377}"
EndProject
Global
	GlobalSection(SolutionConfigurationPlatforms) = preSolution
		Debug|Any CPU = Debug|Any CPU
		Release|Any CPU = Release|Any CPU
	EndGlobalSection
	GlobalSection(ProjectConfigurationPlatforms) = postSolution
		{258196E7-4AA5-4362-AC15-577E46039A37}.Debug|Any CPU.ActiveCfg = Debug|Any CPU
		{258196E7-4AA5-4362-AC15-577E46039A37}.Debug|Any CPU.Build.0 = Debug|Any CPU
		{258196E7-4AA5-4362-AC15-577E46039A37}.Release|Any CPU.ActiveCfg = Release|Any CPU
		{258196E7-4AA5-4362-AC15-577E46039A37}.Release|Any CPU.Build.0 = Release|Any CPU
		{BF192CAC-9D6D-49EF-AAA1-033C358DF576}.Debug|Any CPU.ActiveCfg = Debug|Any CPU
		{BF192CAC-9D6D-49EF-AAA1-033C358DF576}.Debug|Any CPU.Build.0 = Debug|Any CPU
		{BF192CAC-9D6D-49EF-AAA1-033C358DF576}.Release|Any CPU.ActiveCfg = Release|Any CPU
		{BF192CAC-9D6D-49EF-AAA1-033C358DF576}.Release|Any CPU.Build.0 = Release|Any CPU
		{AAE29247-FBCC-4BAC-8161-D6AEA19B9377}.Debug|Any CPU.ActiveCfg = Debug|Any CPU
		{AAE29247-FBCC-4BAC-8161-D6AEA19B9377}.Debug|Any CPU.Build.0 = Debug|Any CPU
		{AAE29247-FBCC-4BAC-8161-D6AEA19B9377}.Release|Any CPU.ActiveCfg = Release|Any CPU
		{AAE29247-FBCC-4BAC-8161-D6AEA19B9377}.Release|Any CPU.Build.0 = Release|Any CPU
	EndGlobalSection
	GlobalSection(SolutionProperties) = preSolution
		HideSolutionNode = FALSE
	EndGlobalSection
	GlobalSection(ExtensibilityGlobals) = postSolution
		SolutionGuid = {F1442FF8-5AC6-4CAE-8C78-D4A54FB82604}
	EndGlobalSection
EndGlobal
